
Microsoft Visual Studio Solution File, Format Version 12.00
# Visual Studio Version 17
VisualStudioVersion = 17.11.35219.272
MinimumVisualStudioVersion = 10.0.40219.1
Project("{FAE04EC0-301F-11D3-BF4B-00C04F79EFBC}") = "SpecGenerator", "SpecGenerator\SpecGenerator.csproj", "{09F89858-38CE-48FD-8945-8F476C13E2C2}"
EndProject
Global
	GlobalSection(SolutionConfigurationPlatforms) = preSolution
		Debug|Any CPU = Debug|Any CPU
		Release|Any CPU = Release|Any CPU
	EndGlobalSection
	GlobalSection(ProjectConfigurationPlatforms) = postSolution
		{09F89858-38CE-48FD-8945-8F476C13E2C2}.Debug|Any CPU.ActiveCfg = Debug|Any CPU
		{09F89858-38CE-48FD-8945-8F476C13E2C2}.Debug|Any CPU.Build.0 = Debug|Any CPU
		{09F89858-38CE-48FD-8945-8F476C13E2C2}.Release|Any CPU.ActiveCfg = Release|Any CPU
		{09F89858-38CE-48FD-8945-8F476C13E2C2}.Release|Any CPU.Build.0 = Release|Any CPU
	EndGlobalSection
	GlobalSection(SolutionProperties) = preSolution
		HideSolutionNode = FALSE
	EndGlobalSection
	GlobalSection(ExtensibilityGlobals) = postSolution
		SolutionGuid = {EA8D7BE7-37F8-402D-85D2-C5B2A159A70D}
	EndGlobalSection
EndGlobal
